
Microsoft Visual Studio Solution File, Format Version 12.00
# Visual Studio Version 17
VisualStudioVersion = 17.3.32819.101
MinimumVisualStudioVersion = 10.0.40219.1
Project("{888888A0-9F3D-457C-B088-3A5042F75D52}") = "-if NikitaKirsanov", "-if NikitaKirsanov\-if NikitaKirsanov.pyproj", "{83D43E24-B844-4A67-8367-3823AB7357B8}"
EndProject
Global
	GlobalSection(SolutionConfigurationPlatforms) = preSolution
		Debug|Any CPU = Debug|Any CPU
		Release|Any CPU = Release|Any CPU
	EndGlobalSection
	GlobalSection(ProjectConfigurationPlatforms) = postSolution
		{83D43E24-B844-4A67-8367-3823AB7357B8}.Debug|Any CPU.ActiveCfg = Debug|Any CPU
		{83D43E24-B844-4A67-8367-3823AB7357B8}.Release|Any CPU.ActiveCfg = Release|Any CPU
	EndGlobalSection
	GlobalSection(SolutionProperties) = preSolution
		HideSolutionNode = FALSE
	EndGlobalSection
	GlobalSection(ExtensibilityGlobals) = postSolution
		SolutionGuid = {A65D366A-4DC4-463E-92A4-F1B22B381DF9}
	EndGlobalSection
EndGlobal
